
Microsoft Visual Studio Solution File, Format Version 12.00
# Visual Studio Version 17
VisualStudioVersion = 17.3.32929.385
MinimumVisualStudioVersion = 10.0.40219.1
Project("{9A19103F-16F7-4668-BE54-9A1E7A4F7556}") = "FibonacciSeries", "FibonacciSeries\FibonacciSeries.csproj", "{37F03949-011B-427D-A23B-E31878D13044}"
EndProject
Project("{9A19103F-16F7-4668-BE54-9A1E7A4F7556}") = "ConsoleUI", "ConsoleUI\ConsoleUI.csproj", "{C346DE6B-4972-4A77-841D-09049E2DA37B}"
EndProject
Project("{9A19103F-16F7-4668-BE54-9A1E7A4F7556}") = "DrawTriangle", "DrawTriangle\DrawTriangle.csproj", "{838D1924-B708-488A-9449-373D4ED906F3}"
EndProject
Project("{9A19103F-16F7-4668-BE54-9A1E7A4F7556}") = "DrawCircle", "DrawCircle\DrawCircle.csproj", "{6A336D1D-C179-46D9-B563-DAABC6127507}"
EndProject
Project("{9A19103F-16F7-4668-BE54-9A1E7A4F7556}") = "Algoritma", "Algoritma\Algoritma.csproj", "{2F192477-CAC1-4B4D-865D-93085AC469EA}"
EndProject
Project("{9A19103F-16F7-4668-BE54-9A1E7A4F7556}") = "ReverseToText", "ReverseToText\ReverseToText.csproj", "{67C96FC2-45AA-4C02-9FC5-5E25227F2EB7}"
EndProject
Project("{9A19103F-16F7-4668-BE54-9A1E7A4F7556}") = "SekilselHesaplar", "SekilselHesaplar\SekilselHesaplar.csproj", "{7E77051E-BD5D-4900-8338-67A874A24E7A}"
EndProject
Project("{9A19103F-16F7-4668-BE54-9A1E7A4F7556}") = "NumberPair", "NumberPair\NumberPair.csproj", "{8EB1D9F9-EFFF-41BF-8380-E8C910A7DA2F}"
EndProject
Project("{9A19103F-16F7-4668-BE54-9A1E7A4F7556}") = "VotingApp", "VotingApp\VotingApp.csproj", "{AAD07EF4-6C58-43C1-9DA0-150825DEEBFF}"
EndProject
Project("{9A19103F-16F7-4668-BE54-9A1E7A4F7556}") = "ATMApp", "ATMApp\ATMApp.csproj", "{B9780FB8-48A8-4698-98A5-EAC3A36E07D6}"
EndProject
Project("{FAE04EC0-301F-11D3-BF4B-00C04F79EFBC}") = "QRCodeBuilder", "QRCodeBuilder\QRCodeBuilder.csproj", "{8643E09A-D607-4810-94EB-984256708252}"
EndProject
Global
	GlobalSection(SolutionConfigurationPlatforms) = preSolution
		Debug|Any CPU = Debug|Any CPU
		Release|Any CPU = Release|Any CPU
	EndGlobalSection
	GlobalSection(ProjectConfigurationPlatforms) = postSolution
		{37F03949-011B-427D-A23B-E31878D13044}.Debug|Any CPU.ActiveCfg = Debug|Any CPU
		{37F03949-011B-427D-A23B-E31878D13044}.Debug|Any CPU.Build.0 = Debug|Any CPU
		{37F03949-011B-427D-A23B-E31878D13044}.Release|Any CPU.ActiveCfg = Release|Any CPU
		{37F03949-011B-427D-A23B-E31878D13044}.Release|Any CPU.Build.0 = Release|Any CPU
		{C346DE6B-4972-4A77-841D-09049E2DA37B}.Debug|Any CPU.ActiveCfg = Debug|Any CPU
		{C346DE6B-4972-4A77-841D-09049E2DA37B}.Debug|Any CPU.Build.0 = Debug|Any CPU
		{C346DE6B-4972-4A77-841D-09049E2DA37B}.Release|Any CPU.ActiveCfg = Release|Any CPU
		{C346DE6B-4972-4A77-841D-09049E2DA37B}.Release|Any CPU.Build.0 = Release|Any CPU
		{838D1924-B708-488A-9449-373D4ED906F3}.Debug|Any CPU.ActiveCfg = Debug|Any CPU
		{838D1924-B708-488A-9449-373D4ED906F3}.Debug|Any CPU.Build.0 = Debug|Any CPU
		{838D1924-B708-488A-9449-373D4ED906F3}.Release|Any CPU.ActiveCfg = Release|Any CPU
		{838D1924-B708-488A-9449-373D4ED906F3}.Release|Any CPU.Build.0 = Release|Any CPU
		{6A336D1D-C179-46D9-B563-DAABC6127507}.Debug|Any CPU.ActiveCfg = Debug|Any CPU
		{6A336D1D-C179-46D9-B563-DAABC6127507}.Debug|Any CPU.Build.0 = Debug|Any CPU
		{6A336D1D-C179-46D9-B563-DAABC6127507}.Release|Any CPU.ActiveCfg = Release|Any CPU
		{6A336D1D-C179-46D9-B563-DAABC6127507}.Release|Any CPU.Build.0 = Release|Any CPU
		{2F192477-CAC1-4B4D-865D-93085AC469EA}.Debug|Any CPU.ActiveCfg = Debug|Any CPU
		{2F192477-CAC1-4B4D-865D-93085AC469EA}.Debug|Any CPU.Build.0 = Debug|Any CPU
		{2F192477-CAC1-4B4D-865D-93085AC469EA}.Release|Any CPU.ActiveCfg = Release|Any CPU
		{2F192477-CAC1-4B4D-865D-93085AC469EA}.Release|Any CPU.Build.0 = Release|Any CPU
		{67C96FC2-45AA-4C02-9FC5-5E25227F2EB7}.Debug|Any CPU.ActiveCfg = Debug|Any CPU
		{67C96FC2-45AA-4C02-9FC5-5E25227F2EB7}.Debug|Any CPU.Build.0 = Debug|Any CPU
		{67C96FC2-45AA-4C02-9FC5-5E25227F2EB7}.Release|Any CPU.ActiveCfg = Release|Any CPU
		{67C96FC2-45AA-4C02-9FC5-5E25227F2EB7}.Release|Any CPU.Build.0 = Release|Any CPU
		{7E77051E-BD5D-4900-8338-67A874A24E7A}.Debug|Any CPU.ActiveCfg = Debug|Any CPU
		{7E77051E-BD5D-4900-8338-67A874A24E7A}.Debug|Any CPU.Build.0 = Debug|Any CPU
		{7E77051E-BD5D-4900-8338-67A874A24E7A}.Release|Any CPU.ActiveCfg = Release|Any CPU
		{7E77051E-BD5D-4900-8338-67A874A24E7A}.Release|Any CPU.Build.0 = Release|Any CPU
		{8EB1D9F9-EFFF-41BF-8380-E8C910A7DA2F}.Debug|Any CPU.ActiveCfg = Debug|Any CPU
		{8EB1D9F9-EFFF-41BF-8380-E8C910A7DA2F}.Debug|Any CPU.Build.0 = Debug|Any CPU
		{8EB1D9F9-EFFF-41BF-8380-E8C910A7DA2F}.Release|Any CPU.ActiveCfg = Release|Any CPU
		{8EB1D9F9-EFFF-41BF-8380-E8C910A7DA2F}.Release|Any CPU.Build.0 = Release|Any CPU
		{AAD07EF4-6C58-43C1-9DA0-150825DEEBFF}.Debug|Any CPU.ActiveCfg = Debug|Any CPU
		{AAD07EF4-6C58-43C1-9DA0-150825DEEBFF}.Debug|Any CPU.Build.0 = Debug|Any CPU
		{AAD07EF4-6C58-43C1-9DA0-150825DEEBFF}.Release|Any CPU.ActiveCfg = Release|Any CPU
		{AAD07EF4-6C58-43C1-9DA0-150825DEEBFF}.Release|Any CPU.Build.0 = Release|Any CPU
		{B9780FB8-48A8-4698-98A5-EAC3A36E07D6}.Debug|Any CPU.ActiveCfg = Debug|Any CPU
		{B9780FB8-48A8-4698-98A5-EAC3A36E07D6}.Debug|Any CPU.Build.0 = Debug|Any CPU
		{B9780FB8-48A8-4698-98A5-EAC3A36E07D6}.Release|Any CPU.ActiveCfg = Release|Any CPU
		{B9780FB8-48A8-4698-98A5-EAC3A36E07D6}.Release|Any CPU.Build.0 = Release|Any CPU
		{8643E09A-D607-4810-94EB-984256708252}.Debug|Any CPU.ActiveCfg = Debug|Any CPU
		{8643E09A-D607-4810-94EB-984256708252}.Debug|Any CPU.Build.0 = Debug|Any CPU
		{8643E09A-D607-4810-94EB-984256708252}.Release|Any CPU.ActiveCfg = Release|Any CPU
		{8643E09A-D607-4810-94EB-984256708252}.Release|Any CPU.Build.0 = Release|Any CPU
	EndGlobalSection
	GlobalSection(SolutionProperties) = preSolution
		HideSolutionNode = FALSE
	EndGlobalSection
	GlobalSection(ExtensibilityGlobals) = postSolution
		SolutionGuid = {DA9DBBAD-6C35-4616-8BDC-324D7A472FF6}
	EndGlobalSection
EndGlobal
